
Microsoft Visual Studio Solution File, Format Version 12.00
# Visual Studio 2013
VisualStudioVersion = 12.0.21005.1
MinimumVisualStudioVersion = 10.0.40219.1
Project("{FAE04EC0-301F-11D3-BF4B-00C04F79EFBC}") = "Model", "Model\Model.csproj", "{411292D7-0214-48C1-9521-D9A9D8043E6B}"
EndProject
Project("{FAE04EC0-301F-11D3-BF4B-00C04F79EFBC}") = "View", "View\View.csproj", "{760FE61A-3F6F-4CC0-A258-0F4F108D08E2}"
EndProject
Global
	GlobalSection(SolutionConfigurationPlatforms) = preSolution
		Debug|Any CPU = Debug|Any CPU
		Release|Any CPU = Release|Any CPU
	EndGlobalSection
	GlobalSection(ProjectConfigurationPlatforms) = postSolution
		{411292D7-0214-48C1-9521-D9A9D8043E6B}.Debug|Any CPU.ActiveCfg = Debug|Any CPU
		{411292D7-0214-48C1-9521-D9A9D8043E6B}.Debug|Any CPU.Build.0 = Debug|Any CPU
		{411292D7-0214-48C1-9521-D9A9D8043E6B}.Release|Any CPU.ActiveCfg = Release|Any CPU
		{411292D7-0214-48C1-9521-D9A9D8043E6B}.Release|Any CPU.Build.0 = Release|Any CPU
		{760FE61A-3F6F-4CC0-A258-0F4F108D08E2}.Debug|Any CPU.ActiveCfg = Debug|Any CPU
		{760FE61A-3F6F-4CC0-A258-0F4F108D08E2}.Debug|Any CPU.Build.0 = Debug|Any CPU
		{760FE61A-3F6F-4CC0-A258-0F4F108D08E2}.Release|Any CPU.ActiveCfg = Release|Any CPU
		{760FE61A-3F6F-4CC0-A258-0F4F108D08E2}.Release|Any CPU.Build.0 = Release|Any CPU
	EndGlobalSection
	GlobalSection(SolutionProperties) = preSolution
		HideSolutionNode = FALSE
	EndGlobalSection
EndGlobal
